
Microsoft Visual Studio Solution File, Format Version 12.00
# Visual Studio Version 17
VisualStudioVersion = 17.1.32407.343
MinimumVisualStudioVersion = 10.0.40219.1
Project("{FAE04EC0-301F-11D3-BF4B-00C04F79EFBC}") = "eAgenda.WinApp", "eAgenda.WinApp\eAgenda.WinApp.csproj", "{CFC06601-9C1D-4979-917E-C3E15C1855FA}"
EndProject
Project("{2150E333-8FDC-42A3-9474-1A3956D46DE8}") = "1-Apresentacao", "1-Apresentacao", "{88C7F39B-4914-4C66-8C07-2EDAD5C90684}"
EndProject
Project("{2150E333-8FDC-42A3-9474-1A3956D46DE8}") = "2-Dominio", "2-Dominio", "{AE752A5A-E28C-4CBD-9928-E097D60EEE8B}"
EndProject
Project("{FAE04EC0-301F-11D3-BF4B-00C04F79EFBC}") = "GestaoTarefas.Dominio", "GestaoTarefas.Dominio\GestaoTarefas.Dominio.csproj", "{BED700CB-71D0-46A9-8234-CE900EF80EBF}"
EndProject
Project("{2150E333-8FDC-42A3-9474-1A3956D46DE8}") = "3-Infra", "3-Infra", "{54ADF54C-E763-4D50-ABD8-E6215C12BE5A}"
EndProject
Project("{FAE04EC0-301F-11D3-BF4B-00C04F79EFBC}") = "GestaoTarefas.Infra", "GestaoTarefas.Infra\GestaoTarefas.Infra.csproj", "{180465EE-9C9E-41BA-8D62-24EFEA927937}"
EndProject
Global
	GlobalSection(SolutionConfigurationPlatforms) = preSolution
		Debug|Any CPU = Debug|Any CPU
		Release|Any CPU = Release|Any CPU
	EndGlobalSection
	GlobalSection(ProjectConfigurationPlatforms) = postSolution
		{CFC06601-9C1D-4979-917E-C3E15C1855FA}.Debug|Any CPU.ActiveCfg = Debug|Any CPU
		{CFC06601-9C1D-4979-917E-C3E15C1855FA}.Debug|Any CPU.Build.0 = Debug|Any CPU
		{CFC06601-9C1D-4979-917E-C3E15C1855FA}.Release|Any CPU.ActiveCfg = Release|Any CPU
		{CFC06601-9C1D-4979-917E-C3E15C1855FA}.Release|Any CPU.Build.0 = Release|Any CPU
		{BED700CB-71D0-46A9-8234-CE900EF80EBF}.Debug|Any CPU.ActiveCfg = Debug|Any CPU
		{BED700CB-71D0-46A9-8234-CE900EF80EBF}.Debug|Any CPU.Build.0 = Debug|Any CPU
		{BED700CB-71D0-46A9-8234-CE900EF80EBF}.Release|Any CPU.ActiveCfg = Release|Any CPU
		{BED700CB-71D0-46A9-8234-CE900EF80EBF}.Release|Any CPU.Build.0 = Release|Any CPU
		{180465EE-9C9E-41BA-8D62-24EFEA927937}.Debug|Any CPU.ActiveCfg = Debug|Any CPU
		{180465EE-9C9E-41BA-8D62-24EFEA927937}.Debug|Any CPU.Build.0 = Debug|Any CPU
		{180465EE-9C9E-41BA-8D62-24EFEA927937}.Release|Any CPU.ActiveCfg = Release|Any CPU
		{180465EE-9C9E-41BA-8D62-24EFEA927937}.Release|Any CPU.Build.0 = Release|Any CPU
	EndGlobalSection
	GlobalSection(SolutionProperties) = preSolution
		HideSolutionNode = FALSE
	EndGlobalSection
	GlobalSection(NestedProjects) = preSolution
		{CFC06601-9C1D-4979-917E-C3E15C1855FA} = {88C7F39B-4914-4C66-8C07-2EDAD5C90684}
		{BED700CB-71D0-46A9-8234-CE900EF80EBF} = {AE752A5A-E28C-4CBD-9928-E097D60EEE8B}
		{180465EE-9C9E-41BA-8D62-24EFEA927937} = {54ADF54C-E763-4D50-ABD8-E6215C12BE5A}
	EndGlobalSection
	GlobalSection(ExtensibilityGlobals) = postSolution
		SolutionGuid = {6BCFA74D-B0C5-44E6-9703-4FD7431D480C}
	EndGlobalSection
EndGlobal
